{
  "name": "test-env-ui5",
  "lockfileVersion": 3,
  "requires": true,
  "packages": {
    "": {
      "name": "test-env-ui5",
      "devDependencies": {
        "vitest-environment-ui5": "file:../.."
      }
    },
    "../..": {
      "version": "0.1.0",
      "dev": true,
      "license": "MIT",
      "dependencies": {
        "jsdom": "^23.0.1"
      },
      "devDependencies": {
        "@types/jsdom": "^21.1.6",
        "@types/node": "^20.10.5",
        "@types/openui5": "^1.120.1",
        "@typescript-eslint/eslint-plugin": "^6.16.0",
        "@typescript-eslint/parser": "^6.16.0",
        "@vitest/coverage-v8": "^1.1.0",
        "eslint": "^8.56.0",
        "eslint-config-mlauffer-nodejs": "^1.4.6",
        "eslint-plugin-vitest": "^0.3.20"
      },
      "peerDependencies": {
        "typescript": "^5",
        "vitest": "^1"
      }
    },
    "node_modules/vitest-environment-ui5": {
      "resolved": "../..",
      "link": true
    }
  }
}
