{
  "name": "test-env-ui5",
  "lockfileVersion": 3,
  "requires": true,
  "packages": {
    "": {
      "name": "test-env-ui5",
      "devDependencies": {
        "vitest-environment-ui5": "file:../.."
      }
    },
    "../..": {
      "version": "0.2.0",
      "dev": true,
      "license": "MIT",
      "dependencies": {
        "jsdom": "^26.0.0"
      },
      "devDependencies": {
        "@types/jsdom": "^21.1.7",
        "@types/node": "^20.17.16",
        "@types/openui5": "^1.131.0",
        "@vitest/coverage-v8": "^1.6.0",
        "eslint": "^9.19.0",
        "eslint-config-mlauffer-nodejs": "^3.0.1",
        "eslint-plugin-vitest": "^0.5.4",
        "typescript": "^5.7.3",
        "typescript-eslint": "^8.22.0"
      },
      "peerDependencies": {
        "vitest": ">=1"
      }
    },
    "node_modules/vitest-environment-ui5": {
      "resolved": "../..",
      "link": true
    }
  }
}
